
Microsoft Visual Studio Solution File, Format Version 12.00
# Visual Studio 14
VisualStudioVersion = 14.0.25123.0
MinimumVisualStudioVersion = 10.0.40219.1
Project("{8BC9CEB8-8B4A-11D0-8D11-00A0C91BC942}") = "Tyr", "Tyr\Tyr.vcxproj", "{A929353C-A06A-4629-8DE9-32586663B094}"
EndProject
Project("{8BC9CEB8-8B4A-11D0-8D11-00A0C91BC942}") = "TyrInjector", "TyrInjector\TyrInjector.vcxproj", "{E352A2B5-A6EB-40D3-A2E4-2284464D4E74}"
	ProjectSection(ProjectDependencies) = postProject
		{A929353C-A06A-4629-8DE9-32586663B094} = {A929353C-A06A-4629-8DE9-32586663B094}
	EndProjectSection
EndProject
Project("{FAE04EC0-301F-11D3-BF4B-00C04F79EFBC}") = "TyrGUI", "TyrGUI\TyrGUI.csproj", "{B6B0EBE4-D67B-4CFF-A25A-F45EE9810BEE}"
EndProject
Global
	GlobalSection(SolutionConfigurationPlatforms) = preSolution
		Debug|Any CPU = Debug|Any CPU
		Debug|x64 = Debug|x64
		Debug|x86 = Debug|x86
		Release|Any CPU = Release|Any CPU
		Release|x64 = Release|x64
		Release|x86 = Release|x86
	EndGlobalSection
	GlobalSection(ProjectConfigurationPlatforms) = postSolution
		{A929353C-A06A-4629-8DE9-32586663B094}.Debug|Any CPU.ActiveCfg = Debug|Win32
		{A929353C-A06A-4629-8DE9-32586663B094}.Debug|x64.ActiveCfg = Debug|x64
		{A929353C-A06A-4629-8DE9-32586663B094}.Debug|x64.Build.0 = Debug|x64
		{A929353C-A06A-4629-8DE9-32586663B094}.Debug|x86.ActiveCfg = Debug|Win32
		{A929353C-A06A-4629-8DE9-32586663B094}.Debug|x86.Build.0 = Debug|Win32
		{A929353C-A06A-4629-8DE9-32586663B094}.Release|Any CPU.ActiveCfg = Release|Win32
		{A929353C-A06A-4629-8DE9-32586663B094}.Release|x64.ActiveCfg = Release|x64
		{A929353C-A06A-4629-8DE9-32586663B094}.Release|x64.Build.0 = Release|x64
		{A929353C-A06A-4629-8DE9-32586663B094}.Release|x86.ActiveCfg = Release|Win32
		{A929353C-A06A-4629-8DE9-32586663B094}.Release|x86.Build.0 = Release|Win32
		{E352A2B5-A6EB-40D3-A2E4-2284464D4E74}.Debug|Any CPU.ActiveCfg = Debug|Win32
		{E352A2B5-A6EB-40D3-A2E4-2284464D4E74}.Debug|x64.ActiveCfg = Debug|x64
		{E352A2B5-A6EB-40D3-A2E4-2284464D4E74}.Debug|x64.Build.0 = Debug|x64
		{E352A2B5-A6EB-40D3-A2E4-2284464D4E74}.Debug|x86.ActiveCfg = Debug|Win32
		{E352A2B5-A6EB-40D3-A2E4-2284464D4E74}.Debug|x86.Build.0 = Debug|Win32
		{E352A2B5-A6EB-40D3-A2E4-2284464D4E74}.Release|Any CPU.ActiveCfg = Release|Win32
		{E352A2B5-A6EB-40D3-A2E4-2284464D4E74}.Release|x64.ActiveCfg = Release|x64
		{E352A2B5-A6EB-40D3-A2E4-2284464D4E74}.Release|x64.Build.0 = Release|x64
		{E352A2B5-A6EB-40D3-A2E4-2284464D4E74}.Release|x86.ActiveCfg = Release|Win32
		{E352A2B5-A6EB-40D3-A2E4-2284464D4E74}.Release|x86.Build.0 = Release|Win32
		{B6B0EBE4-D67B-4CFF-A25A-F45EE9810BEE}.Debug|Any CPU.ActiveCfg = Debug|Any CPU
		{B6B0EBE4-D67B-4CFF-A25A-F45EE9810BEE}.Debug|Any CPU.Build.0 = Debug|Any CPU
		{B6B0EBE4-D67B-4CFF-A25A-F45EE9810BEE}.Debug|x64.ActiveCfg = Debug|Any CPU
		{B6B0EBE4-D67B-4CFF-A25A-F45EE9810BEE}.Debug|x64.Build.0 = Debug|Any CPU
		{B6B0EBE4-D67B-4CFF-A25A-F45EE9810BEE}.Debug|x86.ActiveCfg = Debug|Any CPU
		{B6B0EBE4-D67B-4CFF-A25A-F45EE9810BEE}.Debug|x86.Build.0 = Debug|Any CPU
		{B6B0EBE4-D67B-4CFF-A25A-F45EE9810BEE}.Release|Any CPU.ActiveCfg = Release|Any CPU
		{B6B0EBE4-D67B-4CFF-A25A-F45EE9810BEE}.Release|Any CPU.Build.0 = Release|Any CPU
		{B6B0EBE4-D67B-4CFF-A25A-F45EE9810BEE}.Release|x64.ActiveCfg = Release|Any CPU
		{B6B0EBE4-D67B-4CFF-A25A-F45EE9810BEE}.Release|x64.Build.0 = Release|Any CPU
		{B6B0EBE4-D67B-4CFF-A25A-F45EE9810BEE}.Release|x86.ActiveCfg = Release|Any CPU
		{B6B0EBE4-D67B-4CFF-A25A-F45EE9810BEE}.Release|x86.Build.0 = Release|Any CPU
	EndGlobalSection
	GlobalSection(SolutionProperties) = preSolution
		HideSolutionNode = FALSE
	EndGlobalSection
EndGlobal
