<?xml version="1.0" encoding="utf-8"?>
<Project ToolsVersion="4.0" xmlns="http://schemas.microsoft.com/developer/msbuild/2003">
  <ItemGroup>
    <Filter Include="Source Files">
      <UniqueIdentifier>{4FC737F1-C7A5-4376-A066-2A32D752A2FF}</UniqueIdentifier>
      <Extensions>cpp;c;cc;cxx;def;odl;idl;hpj;bat;asm;asmx</Extensions>
    </Filter>
    <Filter Include="Source Files\Core">
      <UniqueIdentifier>{282d4b9a-6782-4fca-9392-13b5260146a0}</UniqueIdentifier>
    </Filter>
    <Filter Include="Source Files\Lua">
      <UniqueIdentifier>{067c7e75-0c09-4276-bec0-f914d501f23f}</UniqueIdentifier>
    </Filter>
    <Filter Include="Lua">
      <UniqueIdentifier>{f74da21c-7107-461d-8753-2f8118dd6b00}</UniqueIdentifier>
    </Filter>
    <Filter Include="Source Files\Diablo II">
      <UniqueIdentifier>{20fdf7aa-5851-462e-8efb-325f5f57f4fa}</UniqueIdentifier>
    </Filter>
  </ItemGroup>
  <ItemGroup>
    <ClCompile Include="main.cpp">
      <Filter>Source Files\Core</Filter>
    </ClCompile>
    <ClCompile Include="reroute.cpp">
      <Filter>Source Files\Core</Filter>
    </ClCompile>
    <ClCompile Include="..\..\..\Lua\src\lapi.c">
      <Filter>Lua</Filter>
    </ClCompile>
    <ClCompile Include="..\..\..\Lua\src\lauxlib.c">
      <Filter>Lua</Filter>
    </ClCompile>
    <ClCompile Include="..\..\..\Lua\src\lbaselib.c">
      <Filter>Lua</Filter>
    </ClCompile>
    <ClCompile Include="..\..\..\Lua\src\lbitlib.c">
      <Filter>Lua</Filter>
    </ClCompile>
    <ClCompile Include="..\..\..\Lua\src\lcode.c">
      <Filter>Lua</Filter>
    </ClCompile>
    <ClCompile Include="..\..\..\Lua\src\lcorolib.c">
      <Filter>Lua</Filter>
    </ClCompile>
    <ClCompile Include="..\..\..\Lua\src\lctype.c">
      <Filter>Lua</Filter>
    </ClCompile>
    <ClCompile Include="..\..\..\Lua\src\ldblib.c">
      <Filter>Lua</Filter>
    </ClCompile>
    <ClCompile Include="..\..\..\Lua\src\ldebug.c">
      <Filter>Lua</Filter>
    </ClCompile>
    <ClCompile Include="..\..\..\Lua\src\ldo.c">
      <Filter>Lua</Filter>
    </ClCompile>
    <ClCompile Include="..\..\..\Lua\src\ldump.c">
      <Filter>Lua</Filter>
    </ClCompile>
    <ClCompile Include="..\..\..\Lua\src\lfunc.c">
      <Filter>Lua</Filter>
    </ClCompile>
    <ClCompile Include="..\..\..\Lua\src\lgc.c">
      <Filter>Lua</Filter>
    </ClCompile>
    <ClCompile Include="..\..\..\Lua\src\linit.c">
      <Filter>Lua</Filter>
    </ClCompile>
    <ClCompile Include="..\..\..\Lua\src\liolib.c">
      <Filter>Lua</Filter>
    </ClCompile>
    <ClCompile Include="..\..\..\Lua\src\llex.c">
      <Filter>Lua</Filter>
    </ClCompile>
    <ClCompile Include="..\..\..\Lua\src\lmathlib.c">
      <Filter>Lua</Filter>
    </ClCompile>
    <ClCompile Include="..\..\..\Lua\src\lmem.c">
      <Filter>Lua</Filter>
    </ClCompile>
    <ClCompile Include="..\..\..\Lua\src\loadlib.c">
      <Filter>Lua</Filter>
    </ClCompile>
    <ClCompile Include="..\..\..\Lua\src\lobject.c">
      <Filter>Lua</Filter>
    </ClCompile>
    <ClCompile Include="..\..\..\Lua\src\lopcodes.c">
      <Filter>Lua</Filter>
    </ClCompile>
    <ClCompile Include="..\..\..\Lua\src\loslib.c">
      <Filter>Lua</Filter>
    </ClCompile>
    <ClCompile Include="..\..\..\Lua\src\lparser.c">
      <Filter>Lua</Filter>
    </ClCompile>
    <ClCompile Include="..\..\..\Lua\src\lstate.c">
      <Filter>Lua</Filter>
    </ClCompile>
    <ClCompile Include="..\..\..\Lua\src\lstring.c">
      <Filter>Lua</Filter>
    </ClCompile>
    <ClCompile Include="..\..\..\Lua\src\lstrlib.c">
      <Filter>Lua</Filter>
    </ClCompile>
    <ClCompile Include="..\..\..\Lua\src\ltable.c">
      <Filter>Lua</Filter>
    </ClCompile>
    <ClCompile Include="..\..\..\Lua\src\ltablib.c">
      <Filter>Lua</Filter>
    </ClCompile>
    <ClCompile Include="..\..\..\Lua\src\ltm.c">
      <Filter>Lua</Filter>
    </ClCompile>
    <ClCompile Include="..\..\..\Lua\src\lundump.c">
      <Filter>Lua</Filter>
    </ClCompile>
    <ClCompile Include="..\..\..\Lua\src\lvm.c">
      <Filter>Lua</Filter>
    </ClCompile>
    <ClCompile Include="..\..\..\Lua\src\lzio.c">
      <Filter>Lua</Filter>
    </ClCompile>
    <ClCompile Include="lua_binds.cpp">
      <Filter>Source Files\Lua</Filter>
    </ClCompile>
    <ClCompile Include="lua_rendering.cpp">
      <Filter>Source Files\Lua</Filter>
    </ClCompile>
    <ClCompile Include="d2_interface.cpp">
      <Filter>Source Files\Diablo II</Filter>
    </ClCompile>
  </ItemGroup>
  <ItemGroup>
    <ClInclude Include="reroute.h">
      <Filter>Source Files\Core</Filter>
    </ClInclude>
    <ClInclude Include="..\..\..\Lua\src\lapi.h">
      <Filter>Lua</Filter>
    </ClInclude>
    <ClInclude Include="..\..\..\Lua\src\lauxlib.h">
      <Filter>Lua</Filter>
    </ClInclude>
    <ClInclude Include="..\..\..\Lua\src\lcode.h">
      <Filter>Lua</Filter>
    </ClInclude>
    <ClInclude Include="..\..\..\Lua\src\lctype.h">
      <Filter>Lua</Filter>
    </ClInclude>
    <ClInclude Include="..\..\..\Lua\src\ldebug.h">
      <Filter>Lua</Filter>
    </ClInclude>
    <ClInclude Include="..\..\..\Lua\src\ldo.h">
      <Filter>Lua</Filter>
    </ClInclude>
    <ClInclude Include="..\..\..\Lua\src\lfunc.h">
      <Filter>Lua</Filter>
    </ClInclude>
    <ClInclude Include="..\..\..\Lua\src\lgc.h">
      <Filter>Lua</Filter>
    </ClInclude>
    <ClInclude Include="..\..\..\Lua\src\llex.h">
      <Filter>Lua</Filter>
    </ClInclude>
    <ClInclude Include="..\..\..\Lua\src\llimits.h">
      <Filter>Lua</Filter>
    </ClInclude>
    <ClInclude Include="..\..\..\Lua\src\lmem.h">
      <Filter>Lua</Filter>
    </ClInclude>
    <ClInclude Include="..\..\..\Lua\src\lobject.h">
      <Filter>Lua</Filter>
    </ClInclude>
    <ClInclude Include="..\..\..\Lua\src\lopcodes.h">
      <Filter>Lua</Filter>
    </ClInclude>
    <ClInclude Include="..\..\..\Lua\src\lparser.h">
      <Filter>Lua</Filter>
    </ClInclude>
    <ClInclude Include="..\..\..\Lua\src\lstate.h">
      <Filter>Lua</Filter>
    </ClInclude>
    <ClInclude Include="..\..\..\Lua\src\lstring.h">
      <Filter>Lua</Filter>
    </ClInclude>
    <ClInclude Include="..\..\..\Lua\src\ltable.h">
      <Filter>Lua</Filter>
    </ClInclude>
    <ClInclude Include="..\..\..\Lua\src\ltm.h">
      <Filter>Lua</Filter>
    </ClInclude>
    <ClInclude Include="..\..\..\Lua\src\lua.h">
      <Filter>Lua</Filter>
    </ClInclude>
    <ClInclude Include="..\..\..\Lua\src\lua.hpp">
      <Filter>Lua</Filter>
    </ClInclude>
    <ClInclude Include="..\..\..\Lua\src\luaconf.h">
      <Filter>Lua</Filter>
    </ClInclude>
    <ClInclude Include="..\..\..\Lua\src\lualib.h">
      <Filter>Lua</Filter>
    </ClInclude>
    <ClInclude Include="..\..\..\Lua\src\lundump.h">
      <Filter>Lua</Filter>
    </ClInclude>
    <ClInclude Include="..\..\..\Lua\src\lvm.h">
      <Filter>Lua</Filter>
    </ClInclude>
    <ClInclude Include="..\..\..\Lua\src\lzio.h">
      <Filter>Lua</Filter>
    </ClInclude>
    <ClInclude Include="lua_binds.h">
      <Filter>Source Files\Lua</Filter>
    </ClInclude>
    <ClInclude Include="lua_rendering.h">
      <Filter>Source Files\Lua</Filter>
    </ClInclude>
    <ClInclude Include="d2_interface.h">
      <Filter>Source Files\Diablo II</Filter>
    </ClInclude>
  </ItemGroup>
</Project>